# This file is automatically @generated by Cargo.
# It is not intended for manual editing.
version = 3

[[package]]
name = "areion"
version = "0.1.0"
dependencies = [
 "perf-event-open-sys",
]

[[package]]
name = "libc"
version = "0.2.158"
source = "registry+https://github.com/rust-lang/crates.io-index"
checksum = "d8adc4bb1803a324070e64a98ae98f38934d91957a99cfb3a43dcbc01bc56439"

[[package]]
name = "perf-event-open-sys"
version = "4.0.0"
source = "registry+https://github.com/rust-lang/crates.io-index"
checksum = "7c44fb1c7651a45a3652c4afc6e754e40b3d6e6556f1487e2b230bfc4f33c2a8"
dependencies = [
 "libc",
]
